Microsoft Visual Studio Solution File, Format Version 12.00
# Visual Studio 16
Project("{8BC9CEB8-8B4A-11D0-8D11-00A0C91BC942}") = "ALL_BUILD", "ALL_BUILD.vcxproj", "{50B22BBF-2F54-35EA-8629-D24A2E21DA50}"
	ProjectSection(ProjectDependencies) = postProject
		{AF208CFB-C8AD-3EE1-8C2A-4F139DF0A03B} = {AF208CFB-C8AD-3EE1-8C2A-4F139DF0A03B}
		{00650649-5253-31CD-B686-BC507D6E1F1E} = {00650649-5253-31CD-B686-BC507D6E1F1E}
		{C88E2708-F08B-3F22-B613-6432A64FC345} = {C88E2708-F08B-3F22-B613-6432A64FC345}
	EndProjectSection
EndProject
Project("{8BC9CEB8-8B4A-11D0-8D11-00A0C91BC942}") = "JsonTest", "Samples\JsonTest\JsonTest.vcxproj", "{AF208CFB-C8AD-3EE1-8C2A-4F139DF0A03B}"
	ProjectSection(ProjectDependencies) = postProject
		{00650649-5253-31CD-B686-BC507D6E1F1E} = {00650649-5253-31CD-B686-BC507D6E1F1E}
	EndProjectSection
EndProject
Project("{8BC9CEB8-8B4A-11D0-8D11-00A0C91BC942}") = "RUN_TESTS", "RUN_TESTS.vcxproj", "{9F9BAAAD-8872-3CF8-AF96-CCC6202B5DB4}"
	ProjectSection(ProjectDependencies) = postProject
		{00650649-5253-31CD-B686-BC507D6E1F1E} = {00650649-5253-31CD-B686-BC507D6E1F1E}
	EndProjectSection
EndProject
Project("{8BC9CEB8-8B4A-11D0-8D11-00A0C91BC942}") = "ZERO_CHECK", "ZERO_CHECK.vcxproj", "{00650649-5253-31CD-B686-BC507D6E1F1E}"
	ProjectSection(ProjectDependencies) = postProject
	EndProjectSection
EndProject
Project("{8BC9CEB8-8B4A-11D0-8D11-00A0C91BC942}") = "vdtjson", "vdtjson.vcxproj", "{C88E2708-F08B-3F22-B613-6432A64FC345}"
	ProjectSection(ProjectDependencies) = postProject
		{00650649-5253-31CD-B686-BC507D6E1F1E} = {00650649-5253-31CD-B686-BC507D6E1F1E}
	EndProjectSection
EndProject
Global
	GlobalSection(SolutionConfigurationPlatforms) = preSolution
		Debug|x64 = Debug|x64
		Release|x64 = Release|x64
		MinSizeRel|x64 = MinSizeRel|x64
		RelWithDebInfo|x64 = RelWithDebInfo|x64
	EndGlobalSection
	GlobalSection(ProjectConfigurationPlatforms) = postSolution
		{50B22BBF-2F54-35EA-8629-D24A2E21DA50}.Debug|x64.ActiveCfg = Debug|x64
		{50B22BBF-2F54-35EA-8629-D24A2E21DA50}.Release|x64.ActiveCfg = Release|x64
		{50B22BBF-2F54-35EA-8629-D24A2E21DA50}.MinSizeRel|x64.ActiveCfg = MinSizeRel|x64
		{50B22BBF-2F54-35EA-8629-D24A2E21DA50}.RelWithDebInfo|x64.ActiveCfg = RelWithDebInfo|x64
		{AF208CFB-C8AD-3EE1-8C2A-4F139DF0A03B}.Debug|x64.ActiveCfg = Debug|x64
		{AF208CFB-C8AD-3EE1-8C2A-4F139DF0A03B}.Debug|x64.Build.0 = Debug|x64
		{AF208CFB-C8AD-3EE1-8C2A-4F139DF0A03B}.Release|x64.ActiveCfg = Release|x64
		{AF208CFB-C8AD-3EE1-8C2A-4F139DF0A03B}.Release|x64.Build.0 = Release|x64
		{AF208CFB-C8AD-3EE1-8C2A-4F139DF0A03B}.MinSizeRel|x64.ActiveCfg = MinSizeRel|x64
		{AF208CFB-C8AD-3EE1-8C2A-4F139DF0A03B}.MinSizeRel|x64.Build.0 = MinSizeRel|x64
		{AF208CFB-C8AD-3EE1-8C2A-4F139DF0A03B}.RelWithDebInfo|x64.ActiveCfg = RelWithDebInfo|x64
		{AF208CFB-C8AD-3EE1-8C2A-4F139DF0A03B}.RelWithDebInfo|x64.Build.0 = RelWithDebInfo|x64
		{9F9BAAAD-8872-3CF8-AF96-CCC6202B5DB4}.Debug|x64.ActiveCfg = Debug|x64
		{9F9BAAAD-8872-3CF8-AF96-CCC6202B5DB4}.Release|x64.ActiveCfg = Release|x64
		{9F9BAAAD-8872-3CF8-AF96-CCC6202B5DB4}.MinSizeRel|x64.ActiveCfg = MinSizeRel|x64
		{9F9BAAAD-8872-3CF8-AF96-CCC6202B5DB4}.RelWithDebInfo|x64.ActiveCfg = RelWithDebInfo|x64
		{00650649-5253-31CD-B686-BC507D6E1F1E}.Debug|x64.ActiveCfg = Debug|x64
		{00650649-5253-31CD-B686-BC507D6E1F1E}.Debug|x64.Build.0 = Debug|x64
		{00650649-5253-31CD-B686-BC507D6E1F1E}.Release|x64.ActiveCfg = Release|x64
		{00650649-5253-31CD-B686-BC507D6E1F1E}.Release|x64.Build.0 = Release|x64
		{00650649-5253-31CD-B686-BC507D6E1F1E}.MinSizeRel|x64.ActiveCfg = MinSizeRel|x64
		{00650649-5253-31CD-B686-BC507D6E1F1E}.MinSizeRel|x64.Build.0 = MinSizeRel|x64
		{00650649-5253-31CD-B686-BC507D6E1F1E}.RelWithDebInfo|x64.ActiveCfg = RelWithDebInfo|x64
		{00650649-5253-31CD-B686-BC507D6E1F1E}.RelWithDebInfo|x64.Build.0 = RelWithDebInfo|x64
		{C88E2708-F08B-3F22-B613-6432A64FC345}.Debug|x64.ActiveCfg = Debug|x64
		{C88E2708-F08B-3F22-B613-6432A64FC345}.Debug|x64.Build.0 = Debug|x64
		{C88E2708-F08B-3F22-B613-6432A64FC345}.Release|x64.ActiveCfg = Release|x64
		{C88E2708-F08B-3F22-B613-6432A64FC345}.Release|x64.Build.0 = Release|x64
		{C88E2708-F08B-3F22-B613-6432A64FC345}.MinSizeRel|x64.ActiveCfg = MinSizeRel|x64
		{C88E2708-F08B-3F22-B613-6432A64FC345}.MinSizeRel|x64.Build.0 = MinSizeRel|x64
		{C88E2708-F08B-3F22-B613-6432A64FC345}.RelWithDebInfo|x64.ActiveCfg = RelWithDebInfo|x64
		{C88E2708-F08B-3F22-B613-6432A64FC345}.RelWithDebInfo|x64.Build.0 = RelWithDebInfo|x64
	EndGlobalSection
	GlobalSection(ExtensibilityGlobals) = postSolution
		SolutionGuid = {4FF4EC96-BE42-3A47-A2EA-02756941129A}
	EndGlobalSection
	GlobalSection(ExtensibilityAddIns) = postSolution
	EndGlobalSection
EndGlobal
